<?xml version="1.0" encoding="utf-8"?>
<Project ToolsVersion="4.0" xmlns="http://schemas.microsoft.com/developer/msbuild/2003">
  <ItemGroup>
    <Filter Include="Source Files">
      <UniqueIdentifier>{4FC737F1-C7A5-4376-A066-2A32D752A2FF}</UniqueIdentifier>
      <Extensions>cpp;c;cc;cxx;c++;cppm;ixx;def;odl;idl;hpj;bat;asm;asmx</Extensions>
    </Filter>
    <Filter Include="Header Files">
      <UniqueIdentifier>{93995380-89BD-4b04-88EB-625FBE52EBFB}</UniqueIdentifier>
      <Extensions>h;hh;hpp;hxx;h++;hm;inl;inc;ipp;xsd</Extensions>
    </Filter>
    <Filter Include="Resource Files">
      <UniqueIdentifier>{67DA6AB6-F800-4c08-8B7A-83BB121AAD01}</UniqueIdentifier>
      <Extensions>rc;ico;cur;bmp;dlg;rc2;rct;bin;rgs;gif;jpg;jpeg;jpe;resx;tiff;tif;png;wav;mfcribbon-ms</Extensions>
    </Filter>
  </ItemGroup>
  <ItemGroup>
    <ClInclude Include="PCH\pch.h">
      <Filter>Header Files</Filter>
    </ClInclude>
    <ClInclude Include="POWEngine\Core\Core.h">
      <Filter>Header Files</Filter>
    </ClInclude>
    <ClInclude Include="POWEngine\Core\CustomTypes.h">
      <Filter>Header Files</Filter>
    </ClInclude>
    <ClInclude Include="POWEngine\Window\Window.h">
      <Filter>Header Files</Filter>
    </ClInclude>
    <ClInclude Include="POWEngine\Window\WindowContext.h">
      <Filter>Header Files</Filter>
    </ClInclude>
    <ClInclude Include="POWEngine\Window\SFML\SFMLWindow.h">
      <Filter>Header Files</Filter>
    </ClInclude>
    <ClInclude Include="POWEngine\Window\WindowImpl.h">
      <Filter>Header Files</Filter>
    </ClInclude>
    <ClInclude Include="POWEngine\Logger\Console\ConsoleLogger.h">
      <Filter>Header Files</Filter>
    </ClInclude>
    <ClInclude Include="POWEngine\Core\Thread\SimpleThreadPool.h">
      <Filter>Header Files</Filter>
    </ClInclude>
    <ClInclude Include="POWEngine\LockFree\LFQueue.h">
      <Filter>Header Files</Filter>
    </ClInclude>
    <ClInclude Include="POWEngine\Services\ServiceLocator.h">
      <Filter>Header Files</Filter>
    </ClInclude>
    <ClInclude Include="POWEngine\Singleton\Singleton.h">
      <Filter>Header Files</Filter>
    </ClInclude>
    <ClInclude Include="POWEngine\Core\IdGenerator\UniqueIdGenerator.h">
      <Filter>Header Files</Filter>
    </ClInclude>
    <ClInclude Include="POWEngine\Core\WorldEntity\WorldEntity.h">
      <Filter>Header Files</Filter>
    </ClInclude>
    <ClInclude Include="POWEngine\Core\Clock\WorldClock.h">
      <Filter>Header Files</Filter>
    </ClInclude>
    <ClInclude Include="POWEngine\Core\Input\InputManager.h">
      <Filter>Header Files</Filter>
    </ClInclude>
    <ClInclude Include="POWEngine\Services\Service.h">
      <Filter>Header Files</Filter>
    </ClInclude>
    <ClInclude Include="POWEngine\Core\Input\InputSettings.h">
      <Filter>Header Files</Filter>
    </ClInclude>
    <ClInclude Include="POWEngine\Core\Input\Key.h">
      <Filter>Header Files</Filter>
    </ClInclude>
    <ClInclude Include="POWEngine\Core\Input\ListsOfKeys.h">
      <Filter>Header Files</Filter>
    </ClInclude>
    <ClInclude Include="POWEngine\Logger\LoggerUtils.h">
      <Filter>Header Files</Filter>
    </ClInclude>
    <ClInclude Include="POWEngine\Window\WindowEvents.h">
      <Filter>Header Files</Filter>
    </ClInclude>
    <ClInclude Include="POWEngine\Core\Input\InputStruct.h">
      <Filter>Header Files</Filter>
    </ClInclude>
    <ClInclude Include="POWEngine\Math\Math.h">
      <Filter>Header Files</Filter>
    </ClInclude>
    <ClInclude Include="POWEngine\ECS\SystemBase.h">
      <Filter>Header Files</Filter>
    </ClInclude>
    <ClInclude Include="POWEngine\ECS\Archetype.h">
      <Filter>Header Files</Filter>
    </ClInclude>
    <ClInclude Include="POWEngine\Core\Components\BaseComponent.h">
      <Filter>Header Files</Filter>
    </ClInclude>
    <ClInclude Include="POWEngine\ECS\ECSTypes.h">
      <Filter>Header Files</Filter>
    </ClInclude>
    <ClInclude Include="POWEngine\Core\WorldEntity\PipelineLayer.h">
      <Filter>Header Files</Filter>
    </ClInclude>
    <ClInclude Include="POWEngine\LockFree\LFStack.h">
      <Filter>Header Files</Filter>
    </ClInclude>
    <ClInclude Include="POWEngine\Core\GameObject\GameObject.h">
      <Filter>Header Files</Filter>
    </ClInclude>
    <ClInclude Include="POWEngine\Core\Components\ChildComponentTraits.h">
      <Filter>Header Files</Filter>
    </ClInclude>
    <ClInclude Include="POWEngine\Core\Components\Transform2D.h">
      <Filter>Header Files</Filter>
    </ClInclude>
    <ClInclude Include="POWEngine\ECS\ECSUtils.h">
      <Filter>Header Files</Filter>
    </ClInclude>
    <ClInclude Include="POWEngine\ECS\SparseComponentManager.h">
      <Filter>Header Files</Filter>
    </ClInclude>
    <ClInclude Include="POWEngine\Services\ServiceIndicator.h">
      <Filter>Header Files</Filter>
    </ClInclude>
    <ClInclude Include="POWEngine\Sound\SoundSystem.h">
      <Filter>Header Files</Filter>
    </ClInclude>
    <ClInclude Include="POWEngine\Sound\NullSoundSystem.h">
      <Filter>Header Files</Filter>
    </ClInclude>
    <ClInclude Include="POWEngine\Sound\FMOD\FMOD2DSound.h">
      <Filter>Header Files</Filter>
    </ClInclude>
    <ClInclude Include="POWEngine\Logger\NullLogger.h">
      <Filter>Header Files</Filter>
    </ClInclude>
    <ClInclude Include="POWEngine\Logger\Logger.h">
      <Filter>Header Files</Filter>
    </ClInclude>
    <ClInclude Include="POWEngine\Sound\SoundInfo.h">
      <Filter>Header Files</Filter>
    </ClInclude>
    <ClInclude Include="POWEngine\Rendering\Renderer.h">
      <Filter>Header Files</Filter>
    </ClInclude>
    <ClInclude Include="POWEngine\Rendering\SFML\SFML2DRenderer.h">
      <Filter>Header Files</Filter>
    </ClInclude>
    <ClInclude Include="POWEngine\Rendering\RendererImpl.h">
      <Filter>Header Files</Filter>
    </ClInclude>
    <ClInclude Include="POWEngine\Rendering\Components\Sprite\SpriteComponent.h">
      <Filter>Header Files</Filter>
    </ClInclude>
    <ClInclude Include="POWEngine\Rendering\Resources\Texture\Texture.h">
      <Filter>Header Files</Filter>
    </ClInclude>
    <ClInclude Include="POWEngine\Rendering\Components\Sprite\SFML\SFMLSprite.h">
      <Filter>Header Files</Filter>
    </ClInclude>
    <ClInclude Include="POWEngine\Rendering\Resources\Texture\TextureImpl.h">
      <Filter>Header Files</Filter>
    </ClInclude>
    <ClInclude Include="POWEngine\Rendering\Resources\Texture\SFML\SFMLTexture.h">
      <Filter>Header Files</Filter>
    </ClInclude>
    <ClInclude Include="POWEngine\Rendering\Components\Sprite\SpriteImpl.h">
      <Filter>Header Files</Filter>
    </ClInclude>
    <ClInclude Include="POWEngine\Rendering\NullRenderer.h">
      <Filter>Header Files</Filter>
    </ClInclude>
    <ClInclude Include="POWEngine\Rendering\System\RenderSystemBase.h">
      <Filter>Header Files</Filter>
    </ClInclude>
    <ClInclude Include="POWEngine\Rendering\RenderAPI.h">
      <Filter>Header Files</Filter>
    </ClInclude>
    <ClInclude Include="include\powengine.h">
      <Filter>Header Files</Filter>
    </ClInclude>
    <ClInclude Include="include\poweCustomtype.h">
      <Filter>Header Files</Filter>
    </ClInclude>
    <ClInclude Include="include\poweSystem.h">
      <Filter>Header Files</Filter>
    </ClInclude>
    <ClInclude Include="POWEngine\Sound\FMOD\Channel.h">
      <Filter>Header Files</Filter>
    </ClInclude>
    <ClInclude Include="POWEngine\Sound\SoundTypes.h">
      <Filter>Header Files</Filter>
    </ClInclude>
    <ClInclude Include="POWEngine\Sound\FMOD\FMODUtils.h">
      <Filter>Header Files</Filter>
    </ClInclude>
    <ClInclude Include="POWEngine\Sound\FMOD\AudioClip.h">
      <Filter>Header Files</Filter>
    </ClInclude>
    <ClInclude Include="include\poweComponent.h">
      <Filter>Header Files</Filter>
    </ClInclude>
    <ClInclude Include="POWEngine\Core\Components\AudioComponent.h">
      <Filter>Header Files</Filter>
    </ClInclude>
    <ClInclude Include="POWEngine\ECS\SystemUtils.h">
      <Filter>Header Files</Filter>
    </ClInclude>
    <ClInclude Include="POWEngine\Rendering\Components\Sprite\SFML\SFMLSpriteComponent.h">
      <Filter>Header Files</Filter>
    </ClInclude>
    <ClInclude Include="POWEngine\Rendering\System\SFML\SFML2DRenderSystem.h">
      <Filter>Header Files</Filter>
    </ClInclude>
    <ClInclude Include="POWEngine\Singleton\ThreadSafeSingleton.h">
      <Filter>Header Files</Filter>
    </ClInclude>
    <ClInclude Include="POWEngine\Singleton\InstanceUtils.h">
      <Filter>Header Files</Filter>
    </ClInclude>
    <ClInclude Include="POWEngine\Core\Input\InputMapping.h">
      <Filter>Header Files</Filter>
    </ClInclude>
    <ClInclude Include="POWEngine\Core\Input\InputVars.h">
      <Filter>Header Files</Filter>
    </ClInclude>
    <ClInclude Include="POWEngine\Core\Components\InputComponent.h">
      <Filter>Header Files</Filter>
    </ClInclude>
    <ClInclude Include="POWEngine\Core\Input\InputSystem.h">
      <Filter>Header Files</Filter>
    </ClInclude>
    <ClInclude Include="POWEngine\Core\Input\EventType.h">
      <Filter>Header Files</Filter>
    </ClInclude>
    <ClInclude Include="POWEngine\Rendering\Components\Text\TextComponent.h">
      <Filter>Header Files</Filter>
    </ClInclude>
    <ClInclude Include="POWEngine\Rendering\Components\Text\SFML\SFMLText.h">
      <Filter>Header Files</Filter>
    </ClInclude>
    <ClInclude Include="POWEngine\Rendering\Components\Text\TextImpl.h">
      <Filter>Header Files</Filter>
    </ClInclude>
    <ClInclude Include="POWEngine\Rendering\Resources\Font\Font.h">
      <Filter>Header Files</Filter>
    </ClInclude>
    <ClInclude Include="POWEngine\Rendering\Resources\Font\SFML\SFMLFont.h">
      <Filter>Header Files</Filter>
    </ClInclude>
    <ClInclude Include="POWEngine\Rendering\Resources\Font\FontImpl.h">
      <Filter>Header Files</Filter>
    </ClInclude>
    <ClInclude Include="POWEngine\Rendering\2D\Draw2DObject.h">
      <Filter>Header Files</Filter>
    </ClInclude>
    <ClInclude Include="POWEngine\Rendering\System\SFML\SFMLTextRender.h">
      <Filter>Header Files</Filter>
    </ClInclude>
    <ClInclude Include="POWEngine\Rendering\Components\Text\SFML\SFMLTextComponent.h">
      <Filter>Header Files</Filter>
    </ClInclude>
    <ClInclude Include="POWEngine\Rendering\System\SFML\SFML2DBoundingBoxRender.h">
      <Filter>Header Files</Filter>
    </ClInclude>
    <ClInclude Include="POWEngine\Rendering\Components\Debug\DebugRectangle.h">
      <Filter>Header Files</Filter>
    </ClInclude>
    <ClInclude Include="POWEngine\Rendering\Components\Debug\SFML\SFMLDebugRectangle.h">
      <Filter>Header Files</Filter>
    </ClInclude>
    <ClInclude Include="POWEngine\Rendering\Components\Debug\RectangleImpl.h">
      <Filter>Header Files</Filter>
    </ClInclude>
    <ClInclude Include="POWEngine\Rendering\Components\Debug\SFML\SFMLDebugRectangleComponent.h">
      <Filter>Header Files</Filter>
    </ClInclude>
  </ItemGroup>
  <ItemGroup>
    <ClCompile Include="PCH\pch.cpp">
      <Filter>Source Files</Filter>
    </ClCompile>
    <ClCompile Include="POWEngine\Core\Core.cpp">
      <Filter>Source Files</Filter>
    </ClCompile>
    <ClCompile Include="POWEngine\Window\Window.cpp">
      <Filter>Source Files</Filter>
    </ClCompile>
    <ClCompile Include="POWEngine\Window\SFML\SFMLWindow.cpp">
      <Filter>Source Files</Filter>
    </ClCompile>
    <ClCompile Include="POWEngine\Window\WindowImpl.cpp">
      <Filter>Source Files</Filter>
    </ClCompile>
    <ClCompile Include="POWEngine\Logger\Console\ConsoleLogger.cpp">
      <Filter>Source Files</Filter>
    </ClCompile>
    <ClCompile Include="POWEngine\Core\Thread\SimpleThreadPool.cpp">
      <Filter>Source Files</Filter>
    </ClCompile>
    <ClCompile Include="POWEngine\LockFree\LFQueue.cpp">
      <Filter>Source Files</Filter>
    </ClCompile>
    <ClCompile Include="POWEngine\Services\ServiceLocator.cpp">
      <Filter>Source Files</Filter>
    </ClCompile>
    <ClCompile Include="POWEngine\Singleton\Singleton.cpp">
      <Filter>Source Files</Filter>
    </ClCompile>
    <ClCompile Include="POWEngine\Core\IdGenerator\UniqueIdGenerator.cpp">
      <Filter>Source Files</Filter>
    </ClCompile>
    <ClCompile Include="POWEngine\Core\WorldEntity\WorldEntity.cpp">
      <Filter>Source Files</Filter>
    </ClCompile>
    <ClCompile Include="POWEngine\Core\Clock\WorldClock.cpp">
      <Filter>Source Files</Filter>
    </ClCompile>
    <ClCompile Include="POWEngine\Core\Input\InputManager.cpp">
      <Filter>Source Files</Filter>
    </ClCompile>
    <ClCompile Include="POWEngine\Services\Service.cpp">
      <Filter>Source Files</Filter>
    </ClCompile>
    <ClCompile Include="POWEngine\Core\Input\InputSettings.cpp">
      <Filter>Source Files</Filter>
    </ClCompile>
    <ClCompile Include="POWEngine\ECS\SystemBase.cpp">
      <Filter>Source Files</Filter>
    </ClCompile>
    <ClCompile Include="POWEngine\Core\Components\BaseComponent.cpp">
      <Filter>Source Files</Filter>
    </ClCompile>
    <ClCompile Include="POWEngine\LockFree\LFStack.cpp">
      <Filter>Source Files</Filter>
    </ClCompile>
    <ClCompile Include="POWEngine\Core\GameObject\GameObject.cpp">
      <Filter>Source Files</Filter>
    </ClCompile>
    <ClCompile Include="POWEngine\ECS\Archetype.cpp">
      <Filter>Source Files</Filter>
    </ClCompile>
    <ClCompile Include="POWEngine\Core\Components\Transform2D.cpp">
      <Filter>Source Files</Filter>
    </ClCompile>
    <ClCompile Include="POWEngine\ECS\SparseComponentManager.cpp">
      <Filter>Source Files</Filter>
    </ClCompile>
    <ClCompile Include="POWEngine\Sound\SoundSystem.cpp">
      <Filter>Source Files</Filter>
    </ClCompile>
    <ClCompile Include="POWEngine\Sound\NullSoundSystem.cpp">
      <Filter>Source Files</Filter>
    </ClCompile>
    <ClCompile Include="POWEngine\Sound\FMOD\FMOD2DSound.cpp">
      <Filter>Source Files</Filter>
    </ClCompile>
    <ClCompile Include="POWEngine\Logger\NullLogger.cpp">
      <Filter>Source Files</Filter>
    </ClCompile>
    <ClCompile Include="POWEngine\Logger\Logger.cpp">
      <Filter>Source Files</Filter>
    </ClCompile>
    <ClCompile Include="POWEngine\Rendering\Renderer.cpp">
      <Filter>Source Files</Filter>
    </ClCompile>
    <ClCompile Include="POWEngine\Rendering\SFML\SFML2DRenderer.cpp">
      <Filter>Source Files</Filter>
    </ClCompile>
    <ClCompile Include="POWEngine\Rendering\RendererImpl.cpp">
      <Filter>Source Files</Filter>
    </ClCompile>
    <ClCompile Include="POWEngine\Rendering\Components\Sprite\SpriteComponent.cpp">
      <Filter>Source Files</Filter>
    </ClCompile>
    <ClCompile Include="POWEngine\Rendering\Resources\Texture\Texture.cpp">
      <Filter>Source Files</Filter>
    </ClCompile>
    <ClCompile Include="POWEngine\Rendering\Resources\Texture\TextureImpl.cpp">
      <Filter>Source Files</Filter>
    </ClCompile>
    <ClCompile Include="POWEngine\Rendering\Resources\Texture\SFML\SFMLTexture.cpp">
      <Filter>Source Files</Filter>
    </ClCompile>
    <ClCompile Include="POWEngine\Rendering\Components\Sprite\SpriteImpl.cpp">
      <Filter>Source Files</Filter>
    </ClCompile>
    <ClCompile Include="POWEngine\Rendering\Components\Sprite\SFML\SFMLSprite.cpp">
      <Filter>Source Files</Filter>
    </ClCompile>
    <ClCompile Include="POWEngine\Rendering\NullRenderer.cpp">
      <Filter>Source Files</Filter>
    </ClCompile>
    <ClCompile Include="POWEngine\Rendering\System\RenderSystemBase.cpp">
      <Filter>Source Files</Filter>
    </ClCompile>
    <ClCompile Include="POWEngine\Rendering\RenderAPI.cpp">
      <Filter>Source Files</Filter>
    </ClCompile>
    <ClCompile Include="POWEngine\Sound\FMOD\Channel.cpp">
      <Filter>Source Files</Filter>
    </ClCompile>
    <ClCompile Include="POWEngine\Sound\FMOD\AudioClip.cpp">
      <Filter>Source Files</Filter>
    </ClCompile>
    <ClCompile Include="POWEngine\Core\Components\AudioComponent.cpp">
      <Filter>Source Files</Filter>
    </ClCompile>
    <ClCompile Include="POWEngine\Rendering\System\SFML\SFML2DRenderSystem.cpp">
      <Filter>Source Files</Filter>
    </ClCompile>
    <ClCompile Include="POWEngine\Singleton\ThreadSafeSingleton.cpp">
      <Filter>Source Files</Filter>
    </ClCompile>
    <ClCompile Include="POWEngine\Core\Input\InputMapping.cpp">
      <Filter>Source Files</Filter>
    </ClCompile>
    <ClCompile Include="POWEngine\Core\Components\InputComponent.cpp">
      <Filter>Source Files</Filter>
    </ClCompile>
    <ClCompile Include="POWEngine\Core\Input\InputSystem.cpp">
      <Filter>Source Files</Filter>
    </ClCompile>
    <ClCompile Include="POWEngine\Rendering\Components\Text\TextComponent.cpp">
      <Filter>Source Files</Filter>
    </ClCompile>
    <ClCompile Include="POWEngine\Rendering\Components\Text\SFML\SFMLText.cpp">
      <Filter>Source Files</Filter>
    </ClCompile>
    <ClCompile Include="POWEngine\Rendering\Components\Text\TextImpl.cpp">
      <Filter>Source Files</Filter>
    </ClCompile>
    <ClCompile Include="POWEngine\Rendering\Resources\Font\Font.cpp">
      <Filter>Source Files</Filter>
    </ClCompile>
    <ClCompile Include="POWEngine\Rendering\Resources\Font\SFML\SFMLFont.cpp">
      <Filter>Source Files</Filter>
    </ClCompile>
    <ClCompile Include="POWEngine\Rendering\Resources\Font\FontImpl.cpp">
      <Filter>Source Files</Filter>
    </ClCompile>
    <ClCompile Include="POWEngine\Rendering\2D\Draw2DObject.cpp">
      <Filter>Source Files</Filter>
    </ClCompile>
    <ClCompile Include="POWEngine\Rendering\System\SFML\SFMLTextRender.cpp">
      <Filter>Source Files</Filter>
    </ClCompile>
    <ClCompile Include="POWEngine\Rendering\System\SFML\SFML2DBoundingBoxRender.cpp">
      <Filter>Source Files</Filter>
    </ClCompile>
    <ClCompile Include="POWEngine\Rendering\Components\Debug\DebugRectangle.cpp">
      <Filter>Source Files</Filter>
    </ClCompile>
    <ClCompile Include="POWEngine\Rendering\Components\Debug\SFML\SFMLDebugRectangle.cpp">
      <Filter>Source Files</Filter>
    </ClCompile>
    <ClCompile Include="POWEngine\Rendering\Components\Debug\RectangleImpl.cpp">
      <Filter>Source Files</Filter>
    </ClCompile>
  </ItemGroup>
</Project>