<?xml version="1.0" encoding="utf-8"?>
<Project ToolsVersion="4.0" xmlns="http://schemas.microsoft.com/developer/msbuild/2003">
  <ItemGroup>
    <Filter Include="Source Files">
      <UniqueIdentifier>{4FC737F1-C7A5-4376-A066-2A32D752A2FF}</UniqueIdentifier>
      <Extensions>cpp;c;cc;cxx;c++;cppm;ixx;def;odl;idl;hpj;bat;asm;asmx</Extensions>
    </Filter>
    <Filter Include="Header Files">
      <UniqueIdentifier>{93995380-89BD-4b04-88EB-625FBE52EBFB}</UniqueIdentifier>
      <Extensions>h;hh;hpp;hxx;h++;hm;inl;inc;ipp;xsd</Extensions>
    </Filter>
    <Filter Include="Resource Files">
      <UniqueIdentifier>{67DA6AB6-F800-4c08-8B7A-83BB121AAD01}</UniqueIdentifier>
      <Extensions>rc;ico;cur;bmp;dlg;rc2;rct;bin;rgs;gif;jpg;jpeg;jpe;resx;tiff;tif;png;wav;mfcribbon-ms</Extensions>
    </Filter>
    <Filter Include="Core">
      <UniqueIdentifier>{c60797c7-f6ec-452c-a287-73c81d98f7a2}</UniqueIdentifier>
    </Filter>
    <Filter Include="Core\Clock">
      <UniqueIdentifier>{38f036d6-ac77-4504-bb44-c1cb64b96138}</UniqueIdentifier>
    </Filter>
    <Filter Include="Core\Input">
      <UniqueIdentifier>{d30bd1f8-8b49-460f-a0d6-c45ee10bc2ac}</UniqueIdentifier>
    </Filter>
    <Filter Include="Core\Window">
      <UniqueIdentifier>{a82fa3c9-ee63-41e7-b68d-a5fc36aa52e4}</UniqueIdentifier>
    </Filter>
    <Filter Include="Core\Thread">
      <UniqueIdentifier>{d9bea15b-3f07-498b-a6d7-65859bcf2020}</UniqueIdentifier>
    </Filter>
    <Filter Include="ECS">
      <UniqueIdentifier>{7e6d0e78-d726-4be5-8931-752ba7735452}</UniqueIdentifier>
    </Filter>
    <Filter Include="Core\Application">
      <UniqueIdentifier>{e866041e-dc0a-4b33-8fa2-c3006b61be42}</UniqueIdentifier>
    </Filter>
    <Filter Include="Core\Debug">
      <UniqueIdentifier>{08ed5349-9589-4bee-a33d-9cf600e04e6c}</UniqueIdentifier>
    </Filter>
    <Filter Include="Core\Logging">
      <UniqueIdentifier>{c4ff5eb4-2d8a-4aef-8917-b6c1babdd8cf}</UniqueIdentifier>
    </Filter>
    <Filter Include="LockFreeSTL">
      <UniqueIdentifier>{ceb77656-41c3-4c07-9ed6-bdc1a98f5269}</UniqueIdentifier>
    </Filter>
    <Filter Include="Math">
      <UniqueIdentifier>{48f3ed71-ff3d-4559-8d2c-b38608ffa246}</UniqueIdentifier>
    </Filter>
    <Filter Include="Renderer">
      <UniqueIdentifier>{2caae038-0a0d-4aa3-9594-bb319cd821ef}</UniqueIdentifier>
    </Filter>
    <Filter Include="Utils">
      <UniqueIdentifier>{36e674b7-1cfa-49d3-bc27-c804303bfff8}</UniqueIdentifier>
    </Filter>
    <Filter Include="Parser">
      <UniqueIdentifier>{a604b70a-5011-4a31-8762-8667b3abf9f4}</UniqueIdentifier>
    </Filter>
    <Filter Include="Game">
      <UniqueIdentifier>{95e7ecb2-9c78-45ba-a60b-ba5e6f2d2e72}</UniqueIdentifier>
    </Filter>
    <Filter Include="Game\Components">
      <UniqueIdentifier>{8323d356-4b04-437d-8e6b-28b6e2f41054}</UniqueIdentifier>
    </Filter>
    <Filter Include="Core\Resource">
      <UniqueIdentifier>{c050ea2e-455a-413c-a8d9-c0cf48430455}</UniqueIdentifier>
    </Filter>
    <Filter Include="Game\GameObject">
      <UniqueIdentifier>{4ceb235c-04fb-4bd9-a4e0-735fb1b8195d}</UniqueIdentifier>
    </Filter>
    <Filter Include="Platform">
      <UniqueIdentifier>{fe780db8-109a-4765-ae1c-d399c8967d7e}</UniqueIdentifier>
    </Filter>
    <Filter Include="Platform\Windows">
      <UniqueIdentifier>{3a4b2f13-8352-476c-9c73-1d8ffce77602}</UniqueIdentifier>
    </Filter>
    <Filter Include="Platform\Windows\Sound">
      <UniqueIdentifier>{316df143-a046-453d-a849-49d575468fe5}</UniqueIdentifier>
    </Filter>
    <Filter Include="pch">
      <UniqueIdentifier>{63d8d2f5-ef0a-433f-b0a1-9c852f5413ea}</UniqueIdentifier>
    </Filter>
    <Filter Include="Random">
      <UniqueIdentifier>{9ef0ba57-fea9-4533-baf4-f259a06a5e75}</UniqueIdentifier>
    </Filter>
  </ItemGroup>
  <ItemGroup>
    <ClInclude Include="PCH\pch.h">
      <Filter>Header Files</Filter>
    </ClInclude>
    <ClInclude Include="Core\Core.h">
      <Filter>Header Files</Filter>
    </ClInclude>
    <ClInclude Include="Core\CustomTypes.h">
      <Filter>Header Files</Filter>
    </ClInclude>
    <ClInclude Include="Renderer\Window\Window.h">
      <Filter>Header Files</Filter>
    </ClInclude>
    <ClInclude Include="Renderer\Window\WindowContext.h">
      <Filter>Header Files</Filter>
    </ClInclude>
    <ClInclude Include="Renderer\Window\SFML\SFMLWindow.h">
      <Filter>Header Files</Filter>
    </ClInclude>
    <ClInclude Include="Renderer\Window\WindowImpl.h">
      <Filter>Header Files</Filter>
    </ClInclude>
    <ClInclude Include="Core\Logger\Console\ConsoleLogger.h">
      <Filter>Header Files</Filter>
    </ClInclude>
    <ClInclude Include="Core\Thread\SimpleThreadPool.h">
      <Filter>Header Files</Filter>
    </ClInclude>
    <ClInclude Include="LockFree\LFQueue.h">
      <Filter>Header Files</Filter>
    </ClInclude>
    <ClInclude Include="Utils\ServiceLocator.h">
      <Filter>Header Files</Filter>
    </ClInclude>
    <ClInclude Include="Utils\Singleton.h">
      <Filter>Header Files</Filter>
    </ClInclude>
    <ClInclude Include="Core\WorldEntity\WorldEntity.h">
      <Filter>Header Files</Filter>
    </ClInclude>
    <ClInclude Include="Core\Clock\Clock.h">
      <Filter>Header Files</Filter>
    </ClInclude>
    <ClInclude Include="Core\Input\InputManager.h">
      <Filter>Header Files</Filter>
    </ClInclude>
    <ClInclude Include="Utils\Service.h">
      <Filter>Header Files</Filter>
    </ClInclude>
    <ClInclude Include="Core\Input\InputSettings.h">
      <Filter>Header Files</Filter>
    </ClInclude>
    <ClInclude Include="Core\Input\Key.h">
      <Filter>Header Files</Filter>
    </ClInclude>
    <ClInclude Include="Core\Input\ListsOfKeys.h">
      <Filter>Header Files</Filter>
    </ClInclude>
    <ClInclude Include="Core\Logger\LoggerUtils.h">
      <Filter>Header Files</Filter>
    </ClInclude>
    <ClInclude Include="Renderer\Window\WindowEvents.h">
      <Filter>Header Files</Filter>
    </ClInclude>
    <ClInclude Include="Core\Input\InputStruct.h">
      <Filter>Header Files</Filter>
    </ClInclude>
    <ClInclude Include="Math\Math.h">
      <Filter>Header Files</Filter>
    </ClInclude>
    <ClInclude Include="ECS\Archetype.h">
      <Filter>Header Files</Filter>
    </ClInclude>
    <ClInclude Include="ECS\ECSTypes.h">
      <Filter>Header Files</Filter>
    </ClInclude>
    <ClInclude Include="Core\WorldEntity\PipelineLayer.h">
      <Filter>Header Files</Filter>
    </ClInclude>
    <ClInclude Include="LockFree\LFStack.h">
      <Filter>Header Files</Filter>
    </ClInclude>
    <ClInclude Include="ECS\GameObject\GameObject.h">
      <Filter>Header Files</Filter>
    </ClInclude>
    <ClInclude Include="ECS\Components\Transform2D.h">
      <Filter>Header Files</Filter>
    </ClInclude>
    <ClInclude Include="ECS\ECSUtils.h">
      <Filter>Header Files</Filter>
    </ClInclude>
    <ClInclude Include="Sound\SoundService.h">
      <Filter>Header Files</Filter>
    </ClInclude>
    <ClInclude Include="Platform\Windows\FMOD\FMOD2DSound.h">
      <Filter>Header Files</Filter>
    </ClInclude>
    <ClInclude Include="Core\Logger\NullLogger.h">
      <Filter>Header Files</Filter>
    </ClInclude>
    <ClInclude Include="Core\Logger\Logger.h">
      <Filter>Header Files</Filter>
    </ClInclude>
    <ClInclude Include="Sound\SoundInfo.h">
      <Filter>Header Files</Filter>
    </ClInclude>
    <ClInclude Include="include\powengine.h">
      <Filter>Header Files</Filter>
    </ClInclude>
    <ClInclude Include="include\poweCustomtype.h">
      <Filter>Header Files</Filter>
    </ClInclude>
    <ClInclude Include="include\poweSystem.h">
      <Filter>Header Files</Filter>
    </ClInclude>
    <ClInclude Include="Platform\Windows\FMOD\Channel.h">
      <Filter>Header Files</Filter>
    </ClInclude>
    <ClInclude Include="Platform\Windows\FMOD\FMODUtils.h">
      <Filter>Header Files</Filter>
    </ClInclude>
    <ClInclude Include="Platform\Windows\FMOD\FMODAudioClip.h">
      <Filter>Header Files</Filter>
    </ClInclude>
    <ClInclude Include="include\poweComponent.h">
      <Filter>Header Files</Filter>
    </ClInclude>
    <ClInclude Include="ECS\Components\AudioComponent.h">
      <Filter>Header Files</Filter>
    </ClInclude>
    <ClInclude Include="Core\Thread\ThreadSafeSingleton.h">
      <Filter>Header Files</Filter>
    </ClInclude>
    <ClInclude Include="Core\Input\InputMapping.h">
      <Filter>Header Files</Filter>
    </ClInclude>
    <ClInclude Include="Core\Input\InputVars.h">
      <Filter>Header Files</Filter>
    </ClInclude>
    <ClInclude Include="ECS\Components\InputComponent.h">
      <Filter>Header Files</Filter>
    </ClInclude>
    <ClInclude Include="Core\Input\InputSystem.h">
      <Filter>Header Files</Filter>
    </ClInclude>
    <ClInclude Include="Core\Input\EventType.h">
      <Filter>Header Files</Filter>
    </ClInclude>
    <ClInclude Include="Parser\JSON\JSONParser.h">
      <Filter>Header Files</Filter>
    </ClInclude>
    <ClInclude Include="Parser\JSON\json.hpp">
      <Filter>Header Files</Filter>
    </ClInclude>
    <ClInclude Include="Random\Random.h">
      <Filter>Header Files</Filter>
    </ClInclude>
    <ClInclude Include="Core\Application\Application.h">
      <Filter>Header Files</Filter>
    </ClInclude>
    <ClInclude Include="Renderer\2D\Render2DProps.h">
      <Filter>Header Files</Filter>
    </ClInclude>
    <ClInclude Include="Renderer\Components\Text\SFML\SFMLTextComponent.h">
      <Filter>Header Files</Filter>
    </ClInclude>
    <ClInclude Include="Renderer\Resources\Font\FontImpl.h">
      <Filter>Header Files</Filter>
    </ClInclude>
    <ClInclude Include="Renderer\Resources\Font\Font.h">
      <Filter>Header Files</Filter>
    </ClInclude>
    <ClInclude Include="Renderer\Components\Sprite\SFML\SFMLSpriteComponent.h">
      <Filter>Header Files</Filter>
    </ClInclude>
    <ClInclude Include="Renderer\NullRenderer.h">
      <Filter>Header Files</Filter>
    </ClInclude>
    <ClInclude Include="Renderer\Components\Sprite\SFML\SFMLSprite.h">
      <Filter>Header Files</Filter>
    </ClInclude>
    <ClInclude Include="Renderer\Renderer.h">
      <Filter>Header Files</Filter>
    </ClInclude>
    <ClInclude Include="Renderer\SFML\SFML2DRenderer.h">
      <Filter>Header Files</Filter>
    </ClInclude>
    <ClInclude Include="Renderer\Components\Sprite\SpriteComponent.h">
      <Filter>Header Files</Filter>
    </ClInclude>
    <ClInclude Include="Renderer\Resources\Texture\Texture.h">
      <Filter>Header Files</Filter>
    </ClInclude>
    <ClInclude Include="Renderer\Resources\Texture\TextureImpl.h">
      <Filter>Header Files</Filter>
    </ClInclude>
    <ClInclude Include="Renderer\Resources\Texture\SFML\SFMLTexture.h">
      <Filter>Header Files</Filter>
    </ClInclude>
    <ClInclude Include="Renderer\Components\Sprite\SpriteImpl.h">
      <Filter>Header Files</Filter>
    </ClInclude>
    <ClInclude Include="Renderer\System\RenderSystemBase.h">
      <Filter>Header Files</Filter>
    </ClInclude>
    <ClInclude Include="Renderer\RenderAPI.h">
      <Filter>Header Files</Filter>
    </ClInclude>
    <ClInclude Include="Renderer\Components\Text\TextComponent.h">
      <Filter>Header Files</Filter>
    </ClInclude>
    <ClInclude Include="Renderer\Components\Text\SFML\SFMLText.h">
      <Filter>Header Files</Filter>
    </ClInclude>
    <ClInclude Include="Renderer\Components\Text\TextImpl.h">
      <Filter>Header Files</Filter>
    </ClInclude>
    <ClInclude Include="Renderer\Resources\Font\SFML\SFMLFont.h">
      <Filter>Header Files</Filter>
    </ClInclude>
    <ClInclude Include="ECS\Components\BaseComponent.h">
      <Filter>Header Files</Filter>
    </ClInclude>
    <ClInclude Include="Renderer\Components\SFML\ISFMLDrawable.h">
      <Filter>Header Files</Filter>
    </ClInclude>
    <ClInclude Include="Renderer\Components\SFML\SFMLDrawComponent.h">
      <Filter>Header Files</Filter>
    </ClInclude>
    <ClInclude Include="Renderer\System\SFML\SFMLDefaultRenderSystem.h">
      <Filter>Header Files</Filter>
    </ClInclude>
    <ClInclude Include="Utils\MacroDef.h">
      <Filter>Header Files</Filter>
    </ClInclude>
    <ClInclude Include="Utils\Utils.h">
      <Filter>Header Files</Filter>
    </ClInclude>
    <ClInclude Include="Renderer\SFML\SFML2DRendererThreaded.h">
      <Filter>Header Files</Filter>
    </ClInclude>
    <ClInclude Include="Core\Application\AppDesc.h">
      <Filter>Header Files</Filter>
    </ClInclude>
    <ClInclude Include="Core\Memory\Allocator.h">
      <Filter>Header Files</Filter>
    </ClInclude>
    <ClInclude Include="Core\Memory\MemoryTracker.h">
      <Filter>Header Files</Filter>
    </ClInclude>
    <ClInclude Include="Game\Scene.h">
      <Filter>Header Files</Filter>
    </ClInclude>
    <ClInclude Include="ECS\ECSManager.h">
      <Filter>Header Files</Filter>
    </ClInclude>
    <ClInclude Include="ECS\EntityView.h">
      <Filter>Header Files</Filter>
    </ClInclude>
    <ClInclude Include="Core\Layer.h">
      <Filter>Header Files</Filter>
    </ClInclude>
    <ClInclude Include="Core\WIndowManager.h">
      <Filter>Header Files</Filter>
    </ClInclude>
    <ClInclude Include="Game\EngineLayer.h">
      <Filter>Header Files</Filter>
    </ClInclude>
  </ItemGroup>
  <ItemGroup>
    <ClCompile Include="Renderer\Window\Window.cpp">
      <Filter>Source Files</Filter>
    </ClCompile>
    <ClCompile Include="Renderer\Window\WindowImpl.cpp">
      <Filter>Source Files</Filter>
    </ClCompile>
    <ClCompile Include="Utils\ServiceLocator.cpp">
      <Filter>Source Files</Filter>
    </ClCompile>
    <ClCompile Include="Utils\Singleton.cpp">
      <Filter>Source Files</Filter>
    </ClCompile>
    <ClCompile Include="Core\WorldEntity\WorldEntity.cpp">
      <Filter>Source Files</Filter>
    </ClCompile>
    <ClCompile Include="Core\Clock\Clock.cpp">
      <Filter>Source Files</Filter>
    </ClCompile>
    <ClCompile Include="Utils\Service.cpp">
      <Filter>Source Files</Filter>
    </ClCompile>
    <ClCompile Include="ECS\Components\Transform2D.cpp">
      <Filter>Source Files</Filter>
    </ClCompile>
    <ClCompile Include="Core\Application\Application.cpp">
      <Filter>Core\Application</Filter>
    </ClCompile>
    <ClCompile Include="ECS\Archetype.cpp">
      <Filter>ECS</Filter>
    </ClCompile>
    <ClCompile Include="Platform\Windows\FMOD\FMODAudioClip.cpp">
      <Filter>Platform\Windows\Sound</Filter>
    </ClCompile>
    <ClCompile Include="ECS\Components\AudioComponent.cpp">
      <Filter>Game\Components</Filter>
    </ClCompile>
    <ClCompile Include="ECS\Components\BaseComponent.cpp">
      <Filter>Game\Components</Filter>
    </ClCompile>
    <ClCompile Include="Platform\Windows\FMOD\Channel.cpp">
      <Filter>Platform\Windows\Sound</Filter>
    </ClCompile>
    <ClCompile Include="Core\Logger\Console\ConsoleLogger.cpp">
      <Filter>Core\Logging</Filter>
    </ClCompile>
    <ClCompile Include="Core\Core.cpp">
      <Filter>Core</Filter>
    </ClCompile>
    <ClCompile Include="ECS\ECSUtils.cpp">
      <Filter>ECS</Filter>
    </ClCompile>
    <ClCompile Include="Platform\Windows\FMOD\FMOD2DSound.cpp">
      <Filter>Platform\Windows\Sound</Filter>
    </ClCompile>
    <ClCompile Include="Renderer\Resources\Font\Font.cpp">
      <Filter>Core\Resource</Filter>
    </ClCompile>
    <ClCompile Include="Renderer\Resources\Font\FontImpl.cpp">
      <Filter>Core\Resource</Filter>
    </ClCompile>
    <ClCompile Include="ECS\GameObject\GameObject.cpp">
      <Filter>Game\GameObject</Filter>
    </ClCompile>
    <ClCompile Include="ECS\Components\InputComponent.cpp">
      <Filter>Game\Components</Filter>
    </ClCompile>
    <ClCompile Include="Core\Input\InputManager.cpp">
      <Filter>Core\Input</Filter>
    </ClCompile>
    <ClCompile Include="Core\Input\InputMapping.cpp">
      <Filter>Core\Input</Filter>
    </ClCompile>
    <ClCompile Include="Core\Input\InputSettings.cpp">
      <Filter>Core\Input</Filter>
    </ClCompile>
    <ClCompile Include="Core\Input\InputSystem.cpp">
      <Filter>Core\Input</Filter>
    </ClCompile>
    <ClCompile Include="LockFree\LFQueue.cpp">
      <Filter>LockFreeSTL</Filter>
    </ClCompile>
    <ClCompile Include="LockFree\LFStack.cpp">
      <Filter>LockFreeSTL</Filter>
    </ClCompile>
    <ClCompile Include="Core\Logger\Logger.cpp">
      <Filter>Core\Logging</Filter>
    </ClCompile>
    <ClCompile Include="Math\Math.cpp">
      <Filter>Math</Filter>
    </ClCompile>
    <ClCompile Include="Core\Logger\NullLogger.cpp">
      <Filter>Core\Logging</Filter>
    </ClCompile>
    <ClCompile Include="Renderer\NullRenderer.cpp">
      <Filter>Core\Logging</Filter>
    </ClCompile>
    <ClCompile Include="PCH\pch.cpp">
      <Filter>pch</Filter>
    </ClCompile>
    <ClCompile Include="Random\Random.cpp">
      <Filter>Random</Filter>
    </ClCompile>
    <ClCompile Include="Renderer\2D\Render2DProps.cpp">
      <Filter>Renderer</Filter>
    </ClCompile>
    <ClCompile Include="Renderer\Components\SFML\ISFMLDrawable.cpp">
      <Filter>Renderer</Filter>
    </ClCompile>
    <ClCompile Include="Renderer\RenderAPI.cpp">
      <Filter>Renderer</Filter>
    </ClCompile>
    <ClCompile Include="Renderer\Renderer.cpp">
      <Filter>Renderer</Filter>
    </ClCompile>
    <ClCompile Include="Renderer\System\RenderSystemBase.cpp">
      <Filter>Renderer</Filter>
    </ClCompile>
    <ClCompile Include="Renderer\SFML\SFML2DRendererThreaded.cpp">
      <Filter>Renderer</Filter>
    </ClCompile>
    <ClCompile Include="Renderer\System\SFML\SFMLDefaultRenderSystem.cpp">
      <Filter>Renderer</Filter>
    </ClCompile>
    <ClCompile Include="Renderer\SFML\SFML2DRenderer.cpp">
      <Filter>Renderer</Filter>
    </ClCompile>
    <ClCompile Include="Renderer\Components\SFML\SFMLDrawComponent.cpp">
      <Filter>Renderer</Filter>
    </ClCompile>
    <ClCompile Include="Renderer\Resources\Font\SFML\SFMLFont.cpp">
      <Filter>Renderer</Filter>
    </ClCompile>
    <ClCompile Include="Renderer\Components\Sprite\SFML\SFMLSprite.cpp">
      <Filter>Renderer</Filter>
    </ClCompile>
    <ClCompile Include="Renderer\Components\Text\SFML\SFMLText.cpp">
      <Filter>Renderer</Filter>
    </ClCompile>
    <ClCompile Include="Renderer\Resources\Texture\SFML\SFMLTexture.cpp">
      <Filter>Renderer</Filter>
    </ClCompile>
    <ClCompile Include="Renderer\Window\SFML\SFMLWindow.cpp">
      <Filter>Renderer</Filter>
    </ClCompile>
    <ClCompile Include="Core\Thread\SimpleThreadPool.cpp">
      <Filter>Core\Thread</Filter>
    </ClCompile>
    <ClCompile Include="Sound\SoundService.cpp">
      <Filter>Platform\Windows\Sound</Filter>
    </ClCompile>
    <ClCompile Include="Renderer\Components\Sprite\SpriteComponent.cpp">
      <Filter>Game\Components</Filter>
    </ClCompile>
    <ClCompile Include="Renderer\Components\Text\TextComponent.cpp">
      <Filter>Game\Components</Filter>
    </ClCompile>
    <ClCompile Include="Renderer\Components\Sprite\SpriteImpl.cpp">
      <Filter>Renderer</Filter>
    </ClCompile>
    <ClCompile Include="Renderer\Components\Text\TextImpl.cpp">
      <Filter>Renderer</Filter>
    </ClCompile>
    <ClCompile Include="Renderer\Resources\Texture\Texture.cpp">
      <Filter>Renderer</Filter>
    </ClCompile>
    <ClCompile Include="Renderer\Resources\Texture\TextureImpl.cpp">
      <Filter>Renderer</Filter>
    </ClCompile>
    <ClCompile Include="Core\Thread\ThreadSafeSingleton.cpp">
      <Filter>Core\Thread</Filter>
    </ClCompile>
    <ClCompile Include="Core\Memory\Allocator.cpp">
      <Filter>Source Files</Filter>
    </ClCompile>
    <ClCompile Include="Core\Memory\MemoryTracker.cpp">
      <Filter>Source Files</Filter>
    </ClCompile>
    <ClCompile Include="Game\Scene.cpp">
      <Filter>Source Files</Filter>
    </ClCompile>
    <ClCompile Include="ECS\ECSManager.cpp">
      <Filter>Source Files</Filter>
    </ClCompile>
    <ClCompile Include="ECS\EntityView.cpp">
      <Filter>Source Files</Filter>
    </ClCompile>
    <ClCompile Include="Core\WindowManager.cpp">
      <Filter>Source Files</Filter>
    </ClCompile>
    <ClCompile Include="Core\Layer.cpp">
      <Filter>Source Files</Filter>
    </ClCompile>
    <ClCompile Include="Game\EngineLayer.cpp">
      <Filter>Source Files</Filter>
    </ClCompile>
  </ItemGroup>
</Project>