
Microsoft Visual Studio Solution File, Format Version 12.00
# Visual Studio Version 17
VisualStudioVersion = 17.0.32014.148
MinimumVisualStudioVersion = 10.0.40219.1
Project("{8BC9CEB8-8B4A-11D0-8D11-00A0C91BC942}") = "POWEngine", "POWEngine\POWEngine.vcxproj", "{331FDBCF-6327-45BD-8042-23FCFC4E1583}"
EndProject
Project("{8BC9CEB8-8B4A-11D0-8D11-00A0C91BC942}") = "ParticlePerformance", "ParticlePerformance\ParticlePerformance.vcxproj", "{B04936D8-76F7-4E1A-9DAA-08ED721AF609}"
EndProject
Project("{8BC9CEB8-8B4A-11D0-8D11-00A0C91BC942}") = "IMGUI", "IMGUI\IMGUI.vcxproj", "{B841A80B-F336-461E-9D53-56D405EC7096}"
EndProject
Global
	GlobalSection(SolutionConfigurationPlatforms) = preSolution
		Debug|x64 = Debug|x64
		Debug|x86 = Debug|x86
		Release|x64 = Release|x64
		Release|x86 = Release|x86
	EndGlobalSection
	GlobalSection(ProjectConfigurationPlatforms) = postSolution
		{331FDBCF-6327-45BD-8042-23FCFC4E1583}.Debug|x64.ActiveCfg = Debug|x64
		{331FDBCF-6327-45BD-8042-23FCFC4E1583}.Debug|x64.Build.0 = Debug|x64
		{331FDBCF-6327-45BD-8042-23FCFC4E1583}.Debug|x86.ActiveCfg = Debug|Win32
		{331FDBCF-6327-45BD-8042-23FCFC4E1583}.Debug|x86.Build.0 = Debug|Win32
		{331FDBCF-6327-45BD-8042-23FCFC4E1583}.Release|x64.ActiveCfg = Release|x64
		{331FDBCF-6327-45BD-8042-23FCFC4E1583}.Release|x64.Build.0 = Release|x64
		{331FDBCF-6327-45BD-8042-23FCFC4E1583}.Release|x86.ActiveCfg = Release|Win32
		{331FDBCF-6327-45BD-8042-23FCFC4E1583}.Release|x86.Build.0 = Release|Win32
		{B04936D8-76F7-4E1A-9DAA-08ED721AF609}.Debug|x64.ActiveCfg = Debug|x64
		{B04936D8-76F7-4E1A-9DAA-08ED721AF609}.Debug|x64.Build.0 = Debug|x64
		{B04936D8-76F7-4E1A-9DAA-08ED721AF609}.Debug|x86.ActiveCfg = Debug|Win32
		{B04936D8-76F7-4E1A-9DAA-08ED721AF609}.Debug|x86.Build.0 = Debug|Win32
		{B04936D8-76F7-4E1A-9DAA-08ED721AF609}.Release|x64.ActiveCfg = Release|x64
		{B04936D8-76F7-4E1A-9DAA-08ED721AF609}.Release|x64.Build.0 = Release|x64
		{B04936D8-76F7-4E1A-9DAA-08ED721AF609}.Release|x86.ActiveCfg = Release|Win32
		{B04936D8-76F7-4E1A-9DAA-08ED721AF609}.Release|x86.Build.0 = Release|Win32
		{B841A80B-F336-461E-9D53-56D405EC7096}.Debug|x64.ActiveCfg = Debug|x64
		{B841A80B-F336-461E-9D53-56D405EC7096}.Debug|x64.Build.0 = Debug|x64
		{B841A80B-F336-461E-9D53-56D405EC7096}.Debug|x86.ActiveCfg = Debug|Win32
		{B841A80B-F336-461E-9D53-56D405EC7096}.Debug|x86.Build.0 = Debug|Win32
		{B841A80B-F336-461E-9D53-56D405EC7096}.Release|x64.ActiveCfg = Release|x64
		{B841A80B-F336-461E-9D53-56D405EC7096}.Release|x64.Build.0 = Release|x64
		{B841A80B-F336-461E-9D53-56D405EC7096}.Release|x86.ActiveCfg = Release|Win32
		{B841A80B-F336-461E-9D53-56D405EC7096}.Release|x86.Build.0 = Release|Win32
	EndGlobalSection
	GlobalSection(SolutionProperties) = preSolution
		HideSolutionNode = FALSE
	EndGlobalSection
	GlobalSection(ExtensibilityGlobals) = postSolution
		SolutionGuid = {AA867F36-5C94-4B5F-853D-2DF756E6ABAF}
	EndGlobalSection
EndGlobal
