<?xml version="1.0" encoding="utf-8"?>
<Project ToolsVersion="4.0" xmlns="http://schemas.microsoft.com/developer/msbuild/2003">
  <ItemGroup>
    <Filter Include="Source Files">
      <UniqueIdentifier>{4FC737F1-C7A5-4376-A066-2A32D752A2FF}</UniqueIdentifier>
      <Extensions>cpp;c;cc;cxx;c++;cppm;ixx;def;odl;idl;hpj;bat;asm;asmx</Extensions>
    </Filter>
    <Filter Include="Header Files">
      <UniqueIdentifier>{93995380-89BD-4b04-88EB-625FBE52EBFB}</UniqueIdentifier>
      <Extensions>h;hh;hpp;hxx;h++;hm;inl;inc;ipp;xsd</Extensions>
    </Filter>
    <Filter Include="Resource Files">
      <UniqueIdentifier>{67DA6AB6-F800-4c08-8B7A-83BB121AAD01}</UniqueIdentifier>
      <Extensions>rc;ico;cur;bmp;dlg;rc2;rct;bin;rgs;gif;jpg;jpeg;jpe;resx;tiff;tif;png;wav;mfcribbon-ms</Extensions>
    </Filter>
    <Filter Include="Rendering">
      <UniqueIdentifier>{42d26f44-5716-41f1-acab-dd69d47cede9}</UniqueIdentifier>
    </Filter>
    <Filter Include="Components">
      <UniqueIdentifier>{af781855-e637-4e39-a740-4a211fd9f0cd}</UniqueIdentifier>
    </Filter>
    <Filter Include="Systems">
      <UniqueIdentifier>{ec23bb47-7f4e-45cc-a1a6-8767e54b7276}</UniqueIdentifier>
    </Filter>
    <Filter Include="Scenes">
      <UniqueIdentifier>{b69d4a6a-bc13-4cb8-8fd4-8614ee0d9c01}</UniqueIdentifier>
    </Filter>
    <Filter Include="Prefabs">
      <UniqueIdentifier>{f5fe184b-305e-4aee-b742-379ea5893c78}</UniqueIdentifier>
    </Filter>
    <Filter Include="Commands">
      <UniqueIdentifier>{f4f92e74-15e9-42f3-be64-3dbf2d9e56da}</UniqueIdentifier>
    </Filter>
    <Filter Include="SharedData">
      <UniqueIdentifier>{8e331e6c-49b6-4068-8d29-5379c634e3b5}</UniqueIdentifier>
    </Filter>
    <Filter Include="Managers">
      <UniqueIdentifier>{cdd8ff49-cdbe-4f0f-8e19-cfd3384151fa}</UniqueIdentifier>
    </Filter>
    <Filter Include="Observers">
      <UniqueIdentifier>{4e362593-b230-4d03-8ff5-d5350aec1990}</UniqueIdentifier>
    </Filter>
    <Filter Include="MainGame">
      <UniqueIdentifier>{58536bf1-f49b-44ee-a27c-6ccf59b83933}</UniqueIdentifier>
    </Filter>
    <Filter Include="States">
      <UniqueIdentifier>{4c926246-ab18-46c9-bad1-ff0ad6371578}</UniqueIdentifier>
    </Filter>
  </ItemGroup>
  <ItemGroup>
    <ClCompile Include="main.cpp">
      <Filter>Source Files</Filter>
    </ClCompile>
    <ClCompile Include="StateController.cpp">
      <Filter>Systems</Filter>
    </ClCompile>
    <ClCompile Include="PlayScene.cpp">
      <Filter>Scenes</Filter>
    </ClCompile>
    <ClCompile Include="TestScene.cpp">
      <Filter>Scenes</Filter>
    </ClCompile>
    <ClCompile Include="PlayerInputSystem.cpp">
      <Filter>Systems</Filter>
    </ClCompile>
    <ClCompile Include="SceneFactory.cpp">
      <Filter>Scenes</Filter>
    </ClCompile>
    <ClCompile Include="Player.cpp">
      <Filter>Prefabs</Filter>
    </ClCompile>
    <ClCompile Include="AnimationSystem.cpp">
      <Filter>Systems</Filter>
    </ClCompile>
    <ClCompile Include="TestCommand.cpp">
      <Filter>Commands</Filter>
    </ClCompile>
    <ClCompile Include="PlayerCommands.cpp">
      <Filter>Commands</Filter>
    </ClCompile>
    <ClCompile Include="BurgerLevel.cpp">
      <Filter>Prefabs</Filter>
    </ClCompile>
    <ClCompile Include="AssetManager.cpp">
      <Filter>SharedData</Filter>
    </ClCompile>
    <ClCompile Include="WalkableTiles.cpp">
      <Filter>Components</Filter>
    </ClCompile>
    <ClCompile Include="MenuScene.cpp">
      <Filter>Scenes</Filter>
    </ClCompile>
    <ClCompile Include="MenuCommands.cpp">
      <Filter>Commands</Filter>
    </ClCompile>
    <ClCompile Include="PlayerManager.cpp">
      <Filter>Managers</Filter>
    </ClCompile>
    <ClCompile Include="PlayModeObserver.cpp">
      <Filter>Observers</Filter>
    </ClCompile>
    <ClCompile Include="PlayModeSubject.cpp">
      <Filter>Observers</Filter>
    </ClCompile>
    <ClCompile Include="BurgerTimeGame.cpp">
      <Filter>MainGame</Filter>
    </ClCompile>
    <ClCompile Include="Observer.cpp">
      <Filter>Observers</Filter>
    </ClCompile>
    <ClCompile Include="Subject.cpp">
      <Filter>Observers</Filter>
    </ClCompile>
    <ClCompile Include="GameState.cpp">
      <Filter>States</Filter>
    </ClCompile>
    <ClCompile Include="MenuState.cpp">
      <Filter>States</Filter>
    </ClCompile>
    <ClCompile Include="PlayState.cpp">
      <Filter>States</Filter>
    </ClCompile>
    <ClCompile Include="GameStart.cpp">
      <Filter>States</Filter>
    </ClCompile>
  </ItemGroup>
  <ItemGroup>
    <ClInclude Include="BurgerTimeComponents.h">
      <Filter>Components</Filter>
    </ClInclude>
    <ClInclude Include="StateController.h">
      <Filter>Systems</Filter>
    </ClInclude>
    <ClInclude Include="resource.h">
      <Filter>Header Files</Filter>
    </ClInclude>
    <ClInclude Include="PlayScene.h">
      <Filter>Scenes</Filter>
    </ClInclude>
    <ClInclude Include="TestScene.h">
      <Filter>Scenes</Filter>
    </ClInclude>
    <ClInclude Include="PlayerInputSystem.h">
      <Filter>Systems</Filter>
    </ClInclude>
    <ClInclude Include="SceneFactory.h">
      <Filter>Scenes</Filter>
    </ClInclude>
    <ClInclude Include="Player.h">
      <Filter>Prefabs</Filter>
    </ClInclude>
    <ClInclude Include="AnimationSystem.h">
      <Filter>Systems</Filter>
    </ClInclude>
    <ClInclude Include="TestCommand.h">
      <Filter>Commands</Filter>
    </ClInclude>
    <ClInclude Include="PlayerCommands.h">
      <Filter>Commands</Filter>
    </ClInclude>
    <ClInclude Include="BurgerLevel.h">
      <Filter>Prefabs</Filter>
    </ClInclude>
    <ClInclude Include="AssetManager.h">
      <Filter>SharedData</Filter>
    </ClInclude>
    <ClInclude Include="StaticVariables.h">
      <Filter>SharedData</Filter>
    </ClInclude>
    <ClInclude Include="WalkableTiles.h">
      <Filter>Components</Filter>
    </ClInclude>
    <ClInclude Include="MenuScene.h">
      <Filter>Scenes</Filter>
    </ClInclude>
    <ClInclude Include="MenuCommands.h">
      <Filter>Commands</Filter>
    </ClInclude>
    <ClInclude Include="PlayerManager.h">
      <Filter>Managers</Filter>
    </ClInclude>
    <ClInclude Include="PlayModeObserver.h">
      <Filter>Observers</Filter>
    </ClInclude>
    <ClInclude Include="PlayModeSubject.h">
      <Filter>Observers</Filter>
    </ClInclude>
    <ClInclude Include="BurgerTimeGame.h">
      <Filter>MainGame</Filter>
    </ClInclude>
    <ClInclude Include="Subject.h">
      <Filter>Observers</Filter>
    </ClInclude>
    <ClInclude Include="Observer.h">
      <Filter>Observers</Filter>
    </ClInclude>
    <ClInclude Include="GameState.h">
      <Filter>States</Filter>
    </ClInclude>
    <ClInclude Include="MenuState.h">
      <Filter>States</Filter>
    </ClInclude>
    <ClInclude Include="PlayState.h">
      <Filter>States</Filter>
    </ClInclude>
    <ClInclude Include="GameStart.h">
      <Filter>States</Filter>
    </ClInclude>
  </ItemGroup>
</Project>